
Microsoft Visual Studio Solution File, Format Version 12.00
# Visual Studio Version 17
VisualStudioVersion = 17.7.34024.191
MinimumVisualStudioVersion = 10.0.40219.1
Project("{FAE04EC0-301F-11D3-BF4B-00C04F79EFBC}") = "LINQExamples", "..\..\..\Desktop\rad301-labs-2023-2024-S00227213-master\LINQExamples\LINQExamples.csproj", "{0A15764B-D1A3-416E-913B-0F1E63F4A314}"
EndProject
Project("{FAE04EC0-301F-11D3-BF4B-00C04F79EFBC}") = "Rad301-2023-Week1-Lab1", "Rad301-2023-Week1-Lab1\Rad301-2023-Week1-Lab1.csproj", "{78FDC2A4-2268-4299-95BB-CB994A86CB3D}"
EndProject
Global
	GlobalSection(SolutionConfigurationPlatforms) = preSolution
		Debug|Any CPU = Debug|Any CPU
		Release|Any CPU = Release|Any CPU
	EndGlobalSection
	GlobalSection(ProjectConfigurationPlatforms) = postSolution
		{0A15764B-D1A3-416E-913B-0F1E63F4A314}.Debug|Any CPU.ActiveCfg = Debug|Any CPU
		{0A15764B-D1A3-416E-913B-0F1E63F4A314}.Debug|Any CPU.Build.0 = Debug|Any CPU
		{0A15764B-D1A3-416E-913B-0F1E63F4A314}.Release|Any CPU.ActiveCfg = Release|Any CPU
		{0A15764B-D1A3-416E-913B-0F1E63F4A314}.Release|Any CPU.Build.0 = Release|Any CPU
		{78FDC2A4-2268-4299-95BB-CB994A86CB3D}.Debug|Any CPU.ActiveCfg = Debug|Any CPU
		{78FDC2A4-2268-4299-95BB-CB994A86CB3D}.Debug|Any CPU.Build.0 = Debug|Any CPU
		{78FDC2A4-2268-4299-95BB-CB994A86CB3D}.Release|Any CPU.ActiveCfg = Release|Any CPU
		{78FDC2A4-2268-4299-95BB-CB994A86CB3D}.Release|Any CPU.Build.0 = Release|Any CPU
	EndGlobalSection
	GlobalSection(SolutionProperties) = preSolution
		HideSolutionNode = FALSE
	EndGlobalSection
	GlobalSection(ExtensibilityGlobals) = postSolution
		SolutionGuid = {29174548-3B14-4998-B565-D49F0E7713EA}
	EndGlobalSection
EndGlobal
